// !$*UTF8*$!
{
	archiveVersion = 1;
	classes = {
	};
	objectVersion = 46;
	objects = {

/* Begin PBXBuildFile section */
		36018C6C1EDFACDF00A59A0B /* AnalogStick.atlas in Resources */ = {isa = PBXBuildFile; fileRef = 36018C6B1EDFACDF00A59A0B /* AnalogStick.atlas */; };
		360CA54F1EDDFB4100F33AC0 /* ShieldDataSource.swift in Sources */ = {isa = PBXBuildFile; fileRef = 360CA54E1EDDFB4100F33AC0 /* ShieldDataSource.swift */; };
		360CA5511EDDFB9E00F33AC0 /* PlayerType.swift in Sources */ = {isa = PBXBuildFile; fileRef = 360CA5501EDDFB9E00F33AC0 /* PlayerType.swift */; };
		364298E21EDB8E4D000D6751 /* The Misadventure Begins.mp3 in Resources */ = {isa = PBXBuildFile; fileRef = 364298E11EDB8E4D000D6751 /* The Misadventure Begins.mp3 */; };
		3650C9241EE355BD002915A5 /* WeaponDelegate.swift in Sources */ = {isa = PBXBuildFile; fileRef = 3650C9231EE355BD002915A5 /* WeaponDelegate.swift */; };
		3650C9261EE355EA002915A5 /* AudioDataSource.swift in Sources */ = {isa = PBXBuildFile; fileRef = 3650C9251EE355EA002915A5 /* AudioDataSource.swift */; };
		3650C9281EE3565A002915A5 /* ShieldDelegate.swift in Sources */ = {isa = PBXBuildFile; fileRef = 3650C9271EE3565A002915A5 /* ShieldDelegate.swift */; };
		3650C92A1EE35703002915A5 /* MonsterDelegate.swift in Sources */ = {isa = PBXBuildFile; fileRef = 3650C9291EE35703002915A5 /* MonsterDelegate.swift */; };
		3650C92E1EE357C4002915A5 /* Weapon.swift in Sources */ = {isa = PBXBuildFile; fileRef = 3650C92D1EE357C4002915A5 /* Weapon.swift */; };
		3650C9301EE359D4002915A5 /* Monster.swift in Sources */ = {isa = PBXBuildFile; fileRef = 3650C92F1EE359D4002915A5 /* Monster.swift */; };
		3650C9321EE35B23002915A5 /* Shield.swift in Sources */ = {isa = PBXBuildFile; fileRef = 3650C9311EE35B23002915A5 /* Shield.swift */; };
		3650C9341EE37BE6002915A5 /* BossType.swift in Sources */ = {isa = PBXBuildFile; fileRef = 3650C9331EE37BE6002915A5 /* BossType.swift */; };
		3650C9361EE37C6D002915A5 /* Boss.atlas in Resources */ = {isa = PBXBuildFile; fileRef = 3650C9351EE37C6D002915A5 /* Boss.atlas */; };
		3650C9381EE385A4002915A5 /* Weapon.atlas in Resources */ = {isa = PBXBuildFile; fileRef = 3650C9371EE385A4002915A5 /* Weapon.atlas */; };
		366A2B801EDB856D00A8FDAC /* AppDelegate.swift in Sources */ = {isa = PBXBuildFile; fileRef = 366A2B7F1EDB856D00A8FDAC /* AppDelegate.swift */; };
		366A2B861EDB856E00A8FDAC /* GameScene.swift in Sources */ = {isa = PBXBuildFile; fileRef = 366A2B851EDB856E00A8FDAC /* GameScene.swift */; };
		366A2B881EDB856E00A8FDAC /* GameViewController.swift in Sources */ = {isa = PBXBuildFile; fileRef = 366A2B871EDB856E00A8FDAC /* GameViewController.swift */; };
		366A2B8D1EDB856E00A8FDAC /* Assets.xcassets in Resources */ = {isa = PBXBuildFile; fileRef = 366A2B8C1EDB856E00A8FDAC /* Assets.xcassets */; };
		366A2B901EDB856E00A8FDAC /* LaunchScreen.storyboard in Resources */ = {isa = PBXBuildFile; fileRef = 366A2B8E1EDB856E00A8FDAC /* LaunchScreen.storyboard */; };
		366A2BA01EDB875A00A8FDAC /* MainMenu.atlas in Resources */ = {isa = PBXBuildFile; fileRef = 366A2B9F1EDB875A00A8FDAC /* MainMenu.atlas */; };
		366A2BA21EDB876600A8FDAC /* MenuScene.swift in Sources */ = {isa = PBXBuildFile; fileRef = 366A2BA11EDB876600A8FDAC /* MenuScene.swift */; };
		366A2BA51EDB87A300A8FDAC /* MenuBackgroundLayer.swift in Sources */ = {isa = PBXBuildFile; fileRef = 366A2BA41EDB87A300A8FDAC /* MenuBackgroundLayer.swift */; };
		3689BD7F1EDC64B7009EA8A2 /* FirstStageBackgroundLayer.swift in Sources */ = {isa = PBXBuildFile; fileRef = 3689BD7E1EDC64B7009EA8A2 /* FirstStageBackgroundLayer.swift */; };
		3689BD811EDC64C1009EA8A2 /* Stage1.atlas in Resources */ = {isa = PBXBuildFile; fileRef = 3689BD801EDC64C1009EA8A2 /* Stage1.atlas */; };
		3689BD841EDC6922009EA8A2 /* AudioManager.swift in Sources */ = {isa = PBXBuildFile; fileRef = 3689BD831EDC6922009EA8A2 /* AudioManager.swift */; };
		3689BD861EDC69B1009EA8A2 /* AudioType.swift in Sources */ = {isa = PBXBuildFile; fileRef = 3689BD851EDC69B1009EA8A2 /* AudioType.swift */; };
		3689BD881EDC6B61009EA8A2 /* AudioDelegate.swift in Sources */ = {isa = PBXBuildFile; fileRef = 3689BD871EDC6B61009EA8A2 /* AudioDelegate.swift */; };
		3689BD8B1EDC76D7009EA8A2 /* CollisionType.swift in Sources */ = {isa = PBXBuildFile; fileRef = 3689BD8A1EDC76D7009EA8A2 /* CollisionType.swift */; };
		3689BD8E1EDC777D009EA8A2 /* Player.swift in Sources */ = {isa = PBXBuildFile; fileRef = 3689BD8D1EDC777D009EA8A2 /* Player.swift */; };
		3689BD901EDC77C8009EA8A2 /* GameObject.swift in Sources */ = {isa = PBXBuildFile; fileRef = 3689BD8F1EDC77C8009EA8A2 /* GameObject.swift */; };
		369711A51EDD17E300D69FC5 /* Characters.atlas in Resources */ = {isa = PBXBuildFile; fileRef = 369711A41EDD17E300D69FC5 /* Characters.atlas */; };
		36E9DA5F1EDDE0960061ECD2 /* WeaponDataSource.swift in Sources */ = {isa = PBXBuildFile; fileRef = 36E9DA5E1EDDE0960061ECD2 /* WeaponDataSource.swift */; };
		36E9DA611EDDE10A0061ECD2 /* WeaponType.swift in Sources */ = {isa = PBXBuildFile; fileRef = 36E9DA601EDDE10A0061ECD2 /* WeaponType.swift */; };
		36E9DA671EDDE1C20061ECD2 /* MonsterType.swift in Sources */ = {isa = PBXBuildFile; fileRef = 36E9DA661EDDE1C20061ECD2 /* MonsterType.swift */; };
		36F098CB1EE02599007FEBB7 /* PlayerDataSource.swift in Sources */ = {isa = PBXBuildFile; fileRef = 36F098C91EE02599007FEBB7 /* PlayerDataSource.swift */; };
		36F098CD1EE025CD007FEBB7 /* MonsterDataSource.swift in Sources */ = {isa = PBXBuildFile; fileRef = 36F098CC1EE025CD007FEBB7 /* MonsterDataSource.swift */; };
		36F098D11EE0357F007FEBB7 /* Main.storyboard in Resources */ = {isa = PBXBuildFile; fileRef = 36F098D01EE0357F007FEBB7 /* Main.storyboard */; };
		36F098D31EE03BFC007FEBB7 /* heart.png in Resources */ = {isa = PBXBuildFile; fileRef = 36F098D21EE03BFC007FEBB7 /* heart.png */; };
/* End PBXBuildFile section */

/* Begin PBXFileReference section */
		36018C6B1EDFACDF00A59A0B /* AnalogStick.atlas */ = {isa = PBXFileReference; lastKnownFileType = folder.skatlas; path = AnalogStick.atlas; sourceTree = "<group>"; };
		360CA54E1EDDFB4100F33AC0 /* ShieldDataSource.swift */ = {isa = PBXFileReference; fileEncoding = 4; lastKnownFileType = sourcecode.swift; path = ShieldDataSource.swift; sourceTree = "<group>"; };
		360CA5501EDDFB9E00F33AC0 /* PlayerType.swift */ = {isa = PBXFileReference; fileEncoding = 4; lastKnownFileType = sourcecode.swift; path = PlayerType.swift; sourceTree = "<group>"; };
		364298E11EDB8E4D000D6751 /* The Misadventure Begins.mp3 */ = {isa = PBXFileReference; lastKnownFileType = audio.mp3; path = "The Misadventure Begins.mp3"; sourceTree = "<group>"; };
		3650C9231EE355BD002915A5 /* WeaponDelegate.swift */ = {isa = PBXFileReference; fileEncoding = 4; lastKnownFileType = sourcecode.swift; path = WeaponDelegate.swift; sourceTree = "<group>"; };
		3650C9251EE355EA002915A5 /* AudioDataSource.swift */ = {isa = PBXFileReference; fileEncoding = 4; lastKnownFileType = sourcecode.swift; path = AudioDataSource.swift; sourceTree = "<group>"; };
		3650C9271EE3565A002915A5 /* ShieldDelegate.swift */ = {isa = PBXFileReference; fileEncoding = 4; lastKnownFileType = sourcecode.swift; path = ShieldDelegate.swift; sourceTree = "<group>"; };
		3650C9291EE35703002915A5 /* MonsterDelegate.swift */ = {isa = PBXFileReference; fileEncoding = 4; lastKnownFileType = sourcecode.swift; path = MonsterDelegate.swift; sourceTree = "<group>"; };
		3650C92D1EE357C4002915A5 /* Weapon.swift */ = {isa = PBXFileReference; fileEncoding = 4; lastKnownFileType = sourcecode.swift; path = Weapon.swift; sourceTree = "<group>"; };
		3650C92F1EE359D4002915A5 /* Monster.swift */ = {isa = PBXFileReference; fileEncoding = 4; lastKnownFileType = sourcecode.swift; path = Monster.swift; sourceTree = "<group>"; };
		3650C9311EE35B23002915A5 /* Shield.swift */ = {isa = PBXFileReference; fileEncoding = 4; lastKnownFileType = sourcecode.swift; path = Shield.swift; sourceTree = "<group>"; };
		3650C9331EE37BE6002915A5 /* BossType.swift */ = {isa = PBXFileReference; fileEncoding = 4; lastKnownFileType = sourcecode.swift; path = BossType.swift; sourceTree = "<group>"; };
		3650C9351EE37C6D002915A5 /* Boss.atlas */ = {isa = PBXFileReference; lastKnownFileType = folder.skatlas; path = Boss.atlas; sourceTree = "<group>"; };
		3650C9371EE385A4002915A5 /* Weapon.atlas */ = {isa = PBXFileReference; lastKnownFileType = folder.skatlas; name = Weapon.atlas; path = ../Weapon.atlas; sourceTree = "<group>"; };
		366A2B7C1EDB856D00A8FDAC /* Shopper's Adventure.app */ = {isa = PBXFileReference; explicitFileType = wrapper.application; includeInIndex = 0; path = "Shopper's Adventure.app"; sourceTree = BUILT_PRODUCTS_DIR; };
		366A2B7F1EDB856D00A8FDAC /* AppDelegate.swift */ = {isa = PBXFileReference; lastKnownFileType = sourcecode.swift; path = AppDelegate.swift; sourceTree = "<group>"; };
		366A2B851EDB856E00A8FDAC /* GameScene.swift */ = {isa = PBXFileReference; lastKnownFileType = sourcecode.swift; path = GameScene.swift; sourceTree = "<group>"; };
		366A2B871EDB856E00A8FDAC /* GameViewController.swift */ = {isa = PBXFileReference; lastKnownFileType = sourcecode.swift; path = GameViewController.swift; sourceTree = "<group>"; };
		366A2B8C1EDB856E00A8FDAC /* Assets.xcassets */ = {isa = PBXFileReference; lastKnownFileType = folder.assetcatalog; path = Assets.xcassets; sourceTree = "<group>"; };
		366A2B8F1EDB856E00A8FDAC /* Base */ = {isa = PBXFileReference; lastKnownFileType = file.storyboard; name = Base; path = Base.lproj/LaunchScreen.storyboard; sourceTree = "<group>"; };
		366A2B911EDB856E00A8FDAC /* Info.plist */ = {isa = PBXFileReference; lastKnownFileType = text.plist.xml; path = Info.plist; sourceTree = "<group>"; };
		366A2B9F1EDB875A00A8FDAC /* MainMenu.atlas */ = {isa = PBXFileReference; lastKnownFileType = folder.skatlas; path = MainMenu.atlas; sourceTree = "<group>"; };
		366A2BA11EDB876600A8FDAC /* MenuScene.swift */ = {isa = PBXFileReference; fileEncoding = 4; lastKnownFileType = sourcecode.swift; path = MenuScene.swift; sourceTree = "<group>"; };
		366A2BA41EDB87A300A8FDAC /* MenuBackgroundLayer.swift */ = {isa = PBXFileReference; fileEncoding = 4; lastKnownFileType = sourcecode.swift; path = MenuBackgroundLayer.swift; sourceTree = "<group>"; };
		3689BD7E1EDC64B7009EA8A2 /* FirstStageBackgroundLayer.swift */ = {isa = PBXFileReference; fileEncoding = 4; lastKnownFileType = sourcecode.swift; path = FirstStageBackgroundLayer.swift; sourceTree = "<group>"; };
		3689BD801EDC64C1009EA8A2 /* Stage1.atlas */ = {isa = PBXFileReference; lastKnownFileType = folder.skatlas; path = Stage1.atlas; sourceTree = "<group>"; };
		3689BD831EDC6922009EA8A2 /* AudioManager.swift */ = {isa = PBXFileReference; fileEncoding = 4; lastKnownFileType = sourcecode.swift; path = AudioManager.swift; sourceTree = "<group>"; };
		3689BD851EDC69B1009EA8A2 /* AudioType.swift */ = {isa = PBXFileReference; fileEncoding = 4; lastKnownFileType = sourcecode.swift; path = AudioType.swift; sourceTree = "<group>"; };
		3689BD871EDC6B61009EA8A2 /* AudioDelegate.swift */ = {isa = PBXFileReference; fileEncoding = 4; lastKnownFileType = sourcecode.swift; path = AudioDelegate.swift; sourceTree = "<group>"; };
		3689BD8A1EDC76D7009EA8A2 /* CollisionType.swift */ = {isa = PBXFileReference; fileEncoding = 4; lastKnownFileType = sourcecode.swift; path = CollisionType.swift; sourceTree = "<group>"; };
		3689BD8D1EDC777D009EA8A2 /* Player.swift */ = {isa = PBXFileReference; fileEncoding = 4; lastKnownFileType = sourcecode.swift; path = Player.swift; sourceTree = "<group>"; };
		3689BD8F1EDC77C8009EA8A2 /* GameObject.swift */ = {isa = PBXFileReference; fileEncoding = 4; lastKnownFileType = sourcecode.swift; path = GameObject.swift; sourceTree = "<group>"; };
		369711A41EDD17E300D69FC5 /* Characters.atlas */ = {isa = PBXFileReference; lastKnownFileType = folder.skatlas; path = Characters.atlas; sourceTree = "<group>"; };
		36E9DA5E1EDDE0960061ECD2 /* WeaponDataSource.swift */ = {isa = PBXFileReference; fileEncoding = 4; lastKnownFileType = sourcecode.swift; path = WeaponDataSource.swift; sourceTree = "<group>"; };
		36E9DA601EDDE10A0061ECD2 /* WeaponType.swift */ = {isa = PBXFileReference; fileEncoding = 4; lastKnownFileType = sourcecode.swift; path = WeaponType.swift; sourceTree = "<group>"; };
		36E9DA661EDDE1C20061ECD2 /* MonsterType.swift */ = {isa = PBXFileReference; fileEncoding = 4; lastKnownFileType = sourcecode.swift; path = MonsterType.swift; sourceTree = "<group>"; };
		36F098C91EE02599007FEBB7 /* PlayerDataSource.swift */ = {isa = PBXFileReference; fileEncoding = 4; lastKnownFileType = sourcecode.swift; path = PlayerDataSource.swift; sourceTree = "<group>"; };
		36F098CC1EE025CD007FEBB7 /* MonsterDataSource.swift */ = {isa = PBXFileReference; fileEncoding = 4; lastKnownFileType = sourcecode.swift; path = MonsterDataSource.swift; sourceTree = "<group>"; };
		36F098D01EE0357F007FEBB7 /* Main.storyboard */ = {isa = PBXFileReference; fileEncoding = 4; lastKnownFileType = file.storyboard; path = Main.storyboard; sourceTree = "<group>"; };
		36F098D21EE03BFC007FEBB7 /* heart.png */ = {isa = PBXFileReference; lastKnownFileType = image.png; path = heart.png; sourceTree = "<group>"; };
/* End PBXFileReference section */

/* Begin PBXFrameworksBuildPhase section */
		366A2B791EDB856D00A8FDAC /* Frameworks */ = {
			isa = PBXFrameworksBuildPhase;
			buildActionMask = 2147483647;
			files = (
			);
			runOnlyForDeploymentPostprocessing = 0;
		};
/* End PBXFrameworksBuildPhase section */

/* Begin PBXGroup section */
		364298E31EDB8E54000D6751 /* Music */ = {
			isa = PBXGroup;
			children = (
				364298E11EDB8E4D000D6751 /* The Misadventure Begins.mp3 */,
			);
			name = Music;
			sourceTree = "<group>";
		};
		366A2B731EDB856D00A8FDAC = {
			isa = PBXGroup;
			children = (
				366A2B7E1EDB856D00A8FDAC /* Shopper's Adventure */,
				366A2B9E1EDB871000A8FDAC /* Resources */,
				366A2B7D1EDB856D00A8FDAC /* Products */,
			);
			sourceTree = "<group>";
		};
		366A2B7D1EDB856D00A8FDAC /* Products */ = {
			isa = PBXGroup;
			children = (
				366A2B7C1EDB856D00A8FDAC /* Shopper's Adventure.app */,
			);
			name = Products;
			sourceTree = "<group>";
		};
		366A2B7E1EDB856D00A8FDAC /* Shopper's Adventure */ = {
			isa = PBXGroup;
			children = (
				366A2B9C1EDB86E200A8FDAC /* Misc */,
				366A2B9B1EDB86CF00A8FDAC /* Controllers */,
				3689BD8C1EDC7758009EA8A2 /* Characters */,
				366A2BA31EDB879700A8FDAC /* Layers */,
				366A2B9A1EDB86C400A8FDAC /* Scenes */,
				366A2B9D1EDB86F200A8FDAC /* Protocols */,
				3689BD821EDC64D6009EA8A2 /* Audio */,
				3689BD891EDC769C009EA8A2 /* Enums */,
			);
			path = "Shopper's Adventure";
			sourceTree = "<group>";
		};
		366A2B9A1EDB86C400A8FDAC /* Scenes */ = {
			isa = PBXGroup;
			children = (
				366A2B851EDB856E00A8FDAC /* GameScene.swift */,
				366A2BA11EDB876600A8FDAC /* MenuScene.swift */,
			);
			name = Scenes;
			sourceTree = "<group>";
		};
		366A2B9B1EDB86CF00A8FDAC /* Controllers */ = {
			isa = PBXGroup;
			children = (
				366A2B871EDB856E00A8FDAC /* GameViewController.swift */,
			);
			name = Controllers;
			sourceTree = "<group>";
		};
		366A2B9C1EDB86E200A8FDAC /* Misc */ = {
			isa = PBXGroup;
			children = (
				36F098D01EE0357F007FEBB7 /* Main.storyboard */,
				366A2B7F1EDB856D00A8FDAC /* AppDelegate.swift */,
				366A2B8E1EDB856E00A8FDAC /* LaunchScreen.storyboard */,
				366A2B911EDB856E00A8FDAC /* Info.plist */,
			);
			name = Misc;
			sourceTree = "<group>";
		};
		366A2B9D1EDB86F200A8FDAC /* Protocols */ = {
			isa = PBXGroup;
			children = (
				3650C9251EE355EA002915A5 /* AudioDataSource.swift */,
				3689BD871EDC6B61009EA8A2 /* AudioDelegate.swift */,
				36F098CC1EE025CD007FEBB7 /* MonsterDataSource.swift */,
				3650C9291EE35703002915A5 /* MonsterDelegate.swift */,
				360CA54E1EDDFB4100F33AC0 /* ShieldDataSource.swift */,
				3650C9271EE3565A002915A5 /* ShieldDelegate.swift */,
				36F098C91EE02599007FEBB7 /* PlayerDataSource.swift */,
				36E9DA5E1EDDE0960061ECD2 /* WeaponDataSource.swift */,
				3650C9231EE355BD002915A5 /* WeaponDelegate.swift */,
			);
			name = Protocols;
			sourceTree = "<group>";
		};
		366A2B9E1EDB871000A8FDAC /* Resources */ = {
			isa = PBXGroup;
			children = (
				364298E31EDB8E54000D6751 /* Music */,
				36F098D21EE03BFC007FEBB7 /* heart.png */,
				366A2B8C1EDB856E00A8FDAC /* Assets.xcassets */,
				36018C6B1EDFACDF00A59A0B /* AnalogStick.atlas */,
				3650C9351EE37C6D002915A5 /* Boss.atlas */,
				369711A41EDD17E300D69FC5 /* Characters.atlas */,
				366A2B9F1EDB875A00A8FDAC /* MainMenu.atlas */,
				3689BD801EDC64C1009EA8A2 /* Stage1.atlas */,
				3650C9371EE385A4002915A5 /* Weapon.atlas */,
			);
			name = Resources;
			path = "Shopper's Adventure";
			sourceTree = "<group>";
		};
		366A2BA31EDB879700A8FDAC /* Layers */ = {
			isa = PBXGroup;
			children = (
				366A2BA41EDB87A300A8FDAC /* MenuBackgroundLayer.swift */,
				3689BD7E1EDC64B7009EA8A2 /* FirstStageBackgroundLayer.swift */,
			);
			name = Layers;
			sourceTree = "<group>";
		};
		3689BD821EDC64D6009EA8A2 /* Audio */ = {
			isa = PBXGroup;
			children = (
				3689BD831EDC6922009EA8A2 /* AudioManager.swift */,
			);
			name = Audio;
			sourceTree = "<group>";
		};
		3689BD891EDC769C009EA8A2 /* Enums */ = {
			isa = PBXGroup;
			children = (
				3689BD851EDC69B1009EA8A2 /* AudioType.swift */,
				3650C9331EE37BE6002915A5 /* BossType.swift */,
				3689BD8A1EDC76D7009EA8A2 /* CollisionType.swift */,
				36E9DA661EDDE1C20061ECD2 /* MonsterType.swift */,
				360CA5501EDDFB9E00F33AC0 /* PlayerType.swift */,
				36E9DA601EDDE10A0061ECD2 /* WeaponType.swift */,
			);
			name = Enums;
			sourceTree = "<group>";
		};
		3689BD8C1EDC7758009EA8A2 /* Characters */ = {
			isa = PBXGroup;
			children = (
				3689BD8F1EDC77C8009EA8A2 /* GameObject.swift */,
				3689BD8D1EDC777D009EA8A2 /* Player.swift */,
				3650C92F1EE359D4002915A5 /* Monster.swift */,
				3650C9311EE35B23002915A5 /* Shield.swift */,
				3650C92D1EE357C4002915A5 /* Weapon.swift */,
			);
			name = Characters;
			sourceTree = "<group>";
		};
/* End PBXGroup section */

/* Begin PBXNativeTarget section */
		366A2B7B1EDB856D00A8FDAC /* Shopper's Adventure */ = {
			isa = PBXNativeTarget;
			buildConfigurationList = 366A2B941EDB856E00A8FDAC /* Build configuration list for PBXNativeTarget "Shopper's Adventure" */;
			buildPhases = (
				366A2B781EDB856D00A8FDAC /* Sources */,
				366A2B791EDB856D00A8FDAC /* Frameworks */,
				366A2B7A1EDB856D00A8FDAC /* Resources */,
			);
			buildRules = (
			);
			dependencies = (
			);
			name = "Shopper's Adventure";
			productName = "Shopper's Adventure";
			productReference = 366A2B7C1EDB856D00A8FDAC /* Shopper's Adventure.app */;
			productType = "com.apple.product-type.application";
		};
/* End PBXNativeTarget section */

/* Begin PBXProject section */
		366A2B741EDB856D00A8FDAC /* Project object */ = {
			isa = PBXProject;
			attributes = {
				LastSwiftUpdateCheck = 0830;
				LastUpgradeCheck = 0830;
				ORGANIZATIONNAME = Rachaus;
				TargetAttributes = {
					366A2B7B1EDB856D00A8FDAC = {
						CreatedOnToolsVersion = 8.3.2;
						DevelopmentTeam = G5J64VS4M5;
						ProvisioningStyle = Automatic;
					};
				};
			};
			buildConfigurationList = 366A2B771EDB856D00A8FDAC /* Build configuration list for PBXProject "Shopper's Adventure" */;
			compatibilityVersion = "Xcode 3.2";
			developmentRegion = English;
			hasScannedForEncodings = 0;
			knownRegions = (
				en,
				Base,
			);
			mainGroup = 366A2B731EDB856D00A8FDAC;
			productRefGroup = 366A2B7D1EDB856D00A8FDAC /* Products */;
			projectDirPath = "";
			projectRoot = "";
			targets = (
				366A2B7B1EDB856D00A8FDAC /* Shopper's Adventure */,
			);
		};
/* End PBXProject section */

/* Begin PBXResourcesBuildPhase section */
		366A2B7A1EDB856D00A8FDAC /* Resources */ = {
			isa = PBXResourcesBuildPhase;
			buildActionMask = 2147483647;
			files = (
				3689BD811EDC64C1009EA8A2 /* Stage1.atlas in Resources */,
				366A2B8D1EDB856E00A8FDAC /* Assets.xcassets in Resources */,
				364298E21EDB8E4D000D6751 /* The Misadventure Begins.mp3 in Resources */,
				36F098D11EE0357F007FEBB7 /* Main.storyboard in Resources */,
				36018C6C1EDFACDF00A59A0B /* AnalogStick.atlas in Resources */,
				36F098D31EE03BFC007FEBB7 /* heart.png in Resources */,
				366A2BA01EDB875A00A8FDAC /* MainMenu.atlas in Resources */,
				366A2B901EDB856E00A8FDAC /* LaunchScreen.storyboard in Resources */,
				3650C9381EE385A4002915A5 /* Weapon.atlas in Resources */,
				3650C9361EE37C6D002915A5 /* Boss.atlas in Resources */,
				369711A51EDD17E300D69FC5 /* Characters.atlas in Resources */,
			);
			runOnlyForDeploymentPostprocessing = 0;
		};
/* End PBXResourcesBuildPhase section */

/* Begin PBXSourcesBuildPhase section */
		366A2B781EDB856D00A8FDAC /* Sources */ = {
			isa = PBXSourcesBuildPhase;
			buildActionMask = 2147483647;
			files = (
				3650C9341EE37BE6002915A5 /* BossType.swift in Sources */,
				3650C9301EE359D4002915A5 /* Monster.swift in Sources */,
				3689BD8B1EDC76D7009EA8A2 /* CollisionType.swift in Sources */,
				366A2B861EDB856E00A8FDAC /* GameScene.swift in Sources */,
				36F098CB1EE02599007FEBB7 /* PlayerDataSource.swift in Sources */,
				3689BD901EDC77C8009EA8A2 /* GameObject.swift in Sources */,
				366A2BA51EDB87A300A8FDAC /* MenuBackgroundLayer.swift in Sources */,
				3689BD881EDC6B61009EA8A2 /* AudioDelegate.swift in Sources */,
				36E9DA5F1EDDE0960061ECD2 /* WeaponDataSource.swift in Sources */,
				3689BD861EDC69B1009EA8A2 /* AudioType.swift in Sources */,
				3650C92A1EE35703002915A5 /* MonsterDelegate.swift in Sources */,
				36E9DA611EDDE10A0061ECD2 /* WeaponType.swift in Sources */,
				3689BD8E1EDC777D009EA8A2 /* Player.swift in Sources */,
				366A2B881EDB856E00A8FDAC /* GameViewController.swift in Sources */,
				3689BD7F1EDC64B7009EA8A2 /* FirstStageBackgroundLayer.swift in Sources */,
				3650C9321EE35B23002915A5 /* Shield.swift in Sources */,
				3650C9241EE355BD002915A5 /* WeaponDelegate.swift in Sources */,
				366A2BA21EDB876600A8FDAC /* MenuScene.swift in Sources */,
				3650C9261EE355EA002915A5 /* AudioDataSource.swift in Sources */,
				3650C9281EE3565A002915A5 /* ShieldDelegate.swift in Sources */,
				3650C92E1EE357C4002915A5 /* Weapon.swift in Sources */,
				36E9DA671EDDE1C20061ECD2 /* MonsterType.swift in Sources */,
				36F098CD1EE025CD007FEBB7 /* MonsterDataSource.swift in Sources */,
				360CA5511EDDFB9E00F33AC0 /* PlayerType.swift in Sources */,
				360CA54F1EDDFB4100F33AC0 /* ShieldDataSource.swift in Sources */,
				3689BD841EDC6922009EA8A2 /* AudioManager.swift in Sources */,
				366A2B801EDB856D00A8FDAC /* AppDelegate.swift in Sources */,
			);
			runOnlyForDeploymentPostprocessing = 0;
		};
/* End PBXSourcesBuildPhase section */

/* Begin PBXVariantGroup section */
		366A2B8E1EDB856E00A8FDAC /* LaunchScreen.storyboard */ = {
			isa = PBXVariantGroup;
			children = (
				366A2B8F1EDB856E00A8FDAC /* Base */,
			);
			name = LaunchScreen.storyboard;
			sourceTree = "<group>";
		};
/* End PBXVariantGroup section */

/* Begin XCBuildConfiguration section */
		366A2B921EDB856E00A8FDAC /* Debug */ = {
			isa = XCBuildConfiguration;
			buildSettings = {
				ALWAYS_SEARCH_USER_PATHS = NO;
				CLANG_ANALYZER_NONNULL = YES;
				CLANG_ANALYZER_NUMBER_OBJECT_CONVERSION = YES_AGGRESSIVE;
				CLANG_CXX_LANGUAGE_STANDARD = "gnu++0x";
				CLANG_CXX_LIBRARY = "libc++";
				CLANG_ENABLE_MODULES = YES;
				CLANG_ENABLE_OBJC_ARC = YES;
				CLANG_WARN_BOOL_CONVERSION = YES;
				CLANG_WARN_CONSTANT_CONVERSION = YES;
				CLANG_WARN_DIRECT_OBJC_ISA_USAGE = YES_ERROR;
				CLANG_WARN_DOCUMENTATION_COMMENTS = YES;
				CLANG_WARN_EMPTY_BODY = YES;
				CLANG_WARN_ENUM_CONVERSION = YES;
				CLANG_WARN_INFINITE_RECURSION = YES;
				CLANG_WARN_INT_CONVERSION = YES;
				CLANG_WARN_OBJC_ROOT_CLASS = YES_ERROR;
				CLANG_WARN_SUSPICIOUS_MOVE = YES;
				CLANG_WARN_UNREACHABLE_CODE = YES;
				CLANG_WARN__DUPLICATE_METHOD_MATCH = YES;
				"CODE_SIGN_IDENTITY[sdk=iphoneos*]" = "iPhone Developer";
				COPY_PHASE_STRIP = NO;
				DEBUG_INFORMATION_FORMAT = dwarf;
				ENABLE_STRICT_OBJC_MSGSEND = YES;
				ENABLE_TESTABILITY = YES;
				GCC_C_LANGUAGE_STANDARD = gnu99;
				GCC_DYNAMIC_NO_PIC = NO;
				GCC_NO_COMMON_BLOCKS = YES;
				GCC_OPTIMIZATION_LEVEL = 0;
				GCC_PREPROCESSOR_DEFINITIONS = (
					"DEBUG=1",
					"$(inherited)",
				);
				GCC_WARN_64_TO_32_BIT_CONVERSION = YES;
				GCC_WARN_ABOUT_RETURN_TYPE = YES_ERROR;
				GCC_WARN_UNDECLARED_SELECTOR = YES;
				GCC_WARN_UNINITIALIZED_AUTOS = YES_AGGRESSIVE;
				GCC_WARN_UNUSED_FUNCTION = YES;
				GCC_WARN_UNUSED_VARIABLE = YES;
				IPHONEOS_DEPLOYMENT_TARGET = 10.3;
				MTL_ENABLE_DEBUG_INFO = YES;
				ONLY_ACTIVE_ARCH = YES;
				SDKROOT = iphoneos;
				SWIFT_ACTIVE_COMPILATION_CONDITIONS = DEBUG;
				SWIFT_OPTIMIZATION_LEVEL = "-Onone";
				TARGETED_DEVICE_FAMILY = "1,2";
			};
			name = Debug;
		};
		366A2B931EDB856E00A8FDAC /* Release */ = {
			isa = XCBuildConfiguration;
			buildSettings = {
				ALWAYS_SEARCH_USER_PATHS = NO;
				CLANG_ANALYZER_NONNULL = YES;
				CLANG_ANALYZER_NUMBER_OBJECT_CONVERSION = YES_AGGRESSIVE;
				CLANG_CXX_LANGUAGE_STANDARD = "gnu++0x";
				CLANG_CXX_LIBRARY = "libc++";
				CLANG_ENABLE_MODULES = YES;
				CLANG_ENABLE_OBJC_ARC = YES;
				CLANG_WARN_BOOL_CONVERSION = YES;
				CLANG_WARN_CONSTANT_CONVERSION = YES;
				CLANG_WARN_DIRECT_OBJC_ISA_USAGE = YES_ERROR;
				CLANG_WARN_DOCUMENTATION_COMMENTS = YES;
				CLANG_WARN_EMPTY_BODY = YES;
				CLANG_WARN_ENUM_CONVERSION = YES;
				CLANG_WARN_INFINITE_RECURSION = YES;
				CLANG_WARN_INT_CONVERSION = YES;
				CLANG_WARN_OBJC_ROOT_CLASS = YES_ERROR;
				CLANG_WARN_SUSPICIOUS_MOVE = YES;
				CLANG_WARN_UNREACHABLE_CODE = YES;
				CLANG_WARN__DUPLICATE_METHOD_MATCH = YES;
				"CODE_SIGN_IDENTITY[sdk=iphoneos*]" = "iPhone Developer";
				COPY_PHASE_STRIP = NO;
				DEBUG_INFORMATION_FORMAT = "dwarf-with-dsym";
				ENABLE_NS_ASSERTIONS = NO;
				ENABLE_STRICT_OBJC_MSGSEND = YES;
				GCC_C_LANGUAGE_STANDARD = gnu99;
				GCC_NO_COMMON_BLOCKS = YES;
				GCC_WARN_64_TO_32_BIT_CONVERSION = YES;
				GCC_WARN_ABOUT_RETURN_TYPE = YES_ERROR;
				GCC_WARN_UNDECLARED_SELECTOR = YES;
				GCC_WARN_UNINITIALIZED_AUTOS = YES_AGGRESSIVE;
				GCC_WARN_UNUSED_FUNCTION = YES;
				GCC_WARN_UNUSED_VARIABLE = YES;
				IPHONEOS_DEPLOYMENT_TARGET = 10.3;
				MTL_ENABLE_DEBUG_INFO = NO;
				SDKROOT = iphoneos;
				SWIFT_OPTIMIZATION_LEVEL = "-Owholemodule";
				TARGETED_DEVICE_FAMILY = "1,2";
				VALIDATE_PRODUCT = YES;
			};
			name = Release;
		};
		366A2B951EDB856E00A8FDAC /* Debug */ = {
			isa = XCBuildConfiguration;
			buildSettings = {
				ASSETCATALOG_COMPILER_APPICON_NAME = AppIcon;
				DEVELOPMENT_TEAM = G5J64VS4M5;
				INFOPLIST_FILE = "Shopper's Adventure/Info.plist";
				LD_RUNPATH_SEARCH_PATHS = "$(inherited) @executable_path/Frameworks";
				PRODUCT_BUNDLE_IDENTIFIER = "rachaus.Shopper-s-Adventure";
				PRODUCT_NAME = "$(TARGET_NAME)";
				SWIFT_VERSION = 3.0;
			};
			name = Debug;
		};
		366A2B961EDB856E00A8FDAC /* Release */ = {
			isa = XCBuildConfiguration;
			buildSettings = {
				ASSETCATALOG_COMPILER_APPICON_NAME = AppIcon;
				DEVELOPMENT_TEAM = G5J64VS4M5;
				INFOPLIST_FILE = "Shopper's Adventure/Info.plist";
				LD_RUNPATH_SEARCH_PATHS = "$(inherited) @executable_path/Frameworks";
				PRODUCT_BUNDLE_IDENTIFIER = "rachaus.Shopper-s-Adventure";
				PRODUCT_NAME = "$(TARGET_NAME)";
				SWIFT_VERSION = 3.0;
			};
			name = Release;
		};
/* End XCBuildConfiguration section */

/* Begin XCConfigurationList section */
		366A2B771EDB856D00A8FDAC /* Build configuration list for PBXProject "Shopper's Adventure" */ = {
			isa = XCConfigurationList;
			buildConfigurations = (
				366A2B921EDB856E00A8FDAC /* Debug */,
				366A2B931EDB856E00A8FDAC /* Release */,
			);
			defaultConfigurationIsVisible = 0;
			defaultConfigurationName = Release;
		};
		366A2B941EDB856E00A8FDAC /* Build configuration list for PBXNativeTarget "Shopper's Adventure" */ = {
			isa = XCConfigurationList;
			buildConfigurations = (
				366A2B951EDB856E00A8FDAC /* Debug */,
				366A2B961EDB856E00A8FDAC /* Release */,
			);
			defaultConfigurationIsVisible = 0;
			defaultConfigurationName = Release;
		};
/* End XCConfigurationList section */
	};
	rootObject = 366A2B741EDB856D00A8FDAC /* Project object */;
}
